
Microsoft Visual Studio Solution File, Format Version 12.00
# Visual Studio Version 16
VisualStudioVersion = 16.0.31112.23
MinimumVisualStudioVersion = 10.0.40219.1
Project("{8BC9CEB8-8B4A-11D0-8D11-00A0C91BC942}") = "3D-Engine", "3D-Engine\3D-Engine.vcxproj", "{92F3CB7B-D89D-425D-8DD2-41419F68EBCB}"
EndProject
Global
	GlobalSection(SolutionConfigurationPlatforms) = preSolution
		Debug|x64 = Debug|x64
		Debug|x86 = Debug|x86
		Release|x64 = Release|x64
		Release|x86 = Release|x86
	EndGlobalSection
	GlobalSection(ProjectConfigurationPlatforms) = postSolution
		{92F3CB7B-D89D-425D-8DD2-41419F68EBCB}.Debug|x64.ActiveCfg = Debug|x64
		{92F3CB7B-D89D-425D-8DD2-41419F68EBCB}.Debug|x64.Build.0 = Debug|x64
		{92F3CB7B-D89D-425D-8DD2-41419F68EBCB}.Debug|x86.ActiveCfg = Debug|Win32
		{92F3CB7B-D89D-425D-8DD2-41419F68EBCB}.Debug|x86.Build.0 = Debug|Win32
		{92F3CB7B-D89D-425D-8DD2-41419F68EBCB}.Release|x64.ActiveCfg = Release|x64
		{92F3CB7B-D89D-425D-8DD2-41419F68EBCB}.Release|x64.Build.0 = Release|x64
		{92F3CB7B-D89D-425D-8DD2-41419F68EBCB}.Release|x86.ActiveCfg = Release|Win32
		{92F3CB7B-D89D-425D-8DD2-41419F68EBCB}.Release|x86.Build.0 = Release|Win32
	EndGlobalSection
	GlobalSection(SolutionProperties) = preSolution
		HideSolutionNode = FALSE
	EndGlobalSection
	GlobalSection(ExtensibilityGlobals) = postSolution
		SolutionGuid = {E14C1905-4FC1-451D-9780-914D269E1CED}
	EndGlobalSection
EndGlobal
